
Microsoft Visual Studio Solution File, Format Version 12.00
# Visual Studio Version 17
VisualStudioVersion = 17.3.32819.101
MinimumVisualStudioVersion = 10.0.40219.1
Project("{FAE04EC0-301F-11D3-BF4B-00C04F79EFBC}") = "KonhoidNikomeda", "KonhoidNikomeda\KonhoidNikomeda.csproj", "{B4B955C1-1224-4AA4-B74D-6FD70A5AC212}"
EndProject
Global
	GlobalSection(SolutionConfigurationPlatforms) = preSolution
		Debug|Any CPU = Debug|Any CPU
		Release|Any CPU = Release|Any CPU
	EndGlobalSection
	GlobalSection(ProjectConfigurationPlatforms) = postSolution
		{B4B955C1-1224-4AA4-B74D-6FD70A5AC212}.Debug|Any CPU.ActiveCfg = Debug|Any CPU
		{B4B955C1-1224-4AA4-B74D-6FD70A5AC212}.Debug|Any CPU.Build.0 = Debug|Any CPU
		{B4B955C1-1224-4AA4-B74D-6FD70A5AC212}.Release|Any CPU.ActiveCfg = Release|Any CPU
		{B4B955C1-1224-4AA4-B74D-6FD70A5AC212}.Release|Any CPU.Build.0 = Release|Any CPU
	EndGlobalSection
	GlobalSection(SolutionProperties) = preSolution
		HideSolutionNode = FALSE
	EndGlobalSection
	GlobalSection(ExtensibilityGlobals) = postSolution
		SolutionGuid = {A73CCD44-D84B-4628-A34B-4D33687F530A}
	EndGlobalSection
EndGlobal
